
Microsoft Visual Studio Solution File, Format Version 12.00
# Visual Studio 2013
VisualStudioVersion = 12.0.31101.0
MinimumVisualStudioVersion = 10.0.40219.1
Project("{FAE04EC0-301F-11D3-BF4B-00C04F79EFBC}") = "MVCHomework1.Session1", "MVCHomework1.Session1\MVCHomework1.Session1.csproj", "{5625270B-97A7-46AB-BB59-CF3081F5CA37}"
EndProject
Project("{FAE04EC0-301F-11D3-BF4B-00C04F79EFBC}") = "MVCHomework1.Session2", "MVCHomework1.Session2\MVCHomework1.Session2.csproj", "{02A95949-6355-40B0-9379-498575228E67}"
EndProject
Global
	GlobalSection(SolutionConfigurationPlatforms) = preSolution
		Debug|Any CPU = Debug|Any CPU
		Release|Any CPU = Release|Any CPU
	EndGlobalSection
	GlobalSection(ProjectConfigurationPlatforms) = postSolution
		{5625270B-97A7-46AB-BB59-CF3081F5CA37}.Debug|Any CPU.ActiveCfg = Debug|Any CPU
		{5625270B-97A7-46AB-BB59-CF3081F5CA37}.Debug|Any CPU.Build.0 = Debug|Any CPU
		{5625270B-97A7-46AB-BB59-CF3081F5CA37}.Release|Any CPU.ActiveCfg = Release|Any CPU
		{5625270B-97A7-46AB-BB59-CF3081F5CA37}.Release|Any CPU.Build.0 = Release|Any CPU
		{02A95949-6355-40B0-9379-498575228E67}.Debug|Any CPU.ActiveCfg = Debug|Any CPU
		{02A95949-6355-40B0-9379-498575228E67}.Debug|Any CPU.Build.0 = Debug|Any CPU
		{02A95949-6355-40B0-9379-498575228E67}.Release|Any CPU.ActiveCfg = Release|Any CPU
		{02A95949-6355-40B0-9379-498575228E67}.Release|Any CPU.Build.0 = Release|Any CPU
	EndGlobalSection
	GlobalSection(SolutionProperties) = preSolution
		HideSolutionNode = FALSE
	EndGlobalSection
EndGlobal
